
Microsoft Visual Studio Solution File, Format Version 12.00
# Visual Studio Version 17
VisualStudioVersion = 17.9.34622.214
MinimumVisualStudioVersion = 10.0.40219.1
Project("{9A19103F-16F7-4668-BE54-9A1E7A4F7556}") = "ChatClient", "ChatClient\ChatClient.csproj", "{D27D43E7-BE4A-4F3B-A9A1-494BEDF6C45A}"
EndProject
Project("{9A19103F-16F7-4668-BE54-9A1E7A4F7556}") = "ChatServer", "ChatServer\ChatServer.csproj", "{05548C0D-4382-42E3-A0E4-8500DCEBF8C6}"
EndProject
Project("{9A19103F-16F7-4668-BE54-9A1E7A4F7556}") = "NetworkingLibrary", "NetworkingLibrary\NetworkingLibrary.csproj", "{A3C0EB91-8CF3-4FCC-875A-2C1C8505AC7D}"
EndProject
Project("{9A19103F-16F7-4668-BE54-9A1E7A4F7556}") = "LoggerLibrary", "LoggerLibrary\LoggerLibrary.csproj", "{EC35106E-264A-4FCA-9500-C76962E01A50}"
EndProject
Project("{FAE04EC0-301F-11D3-BF4B-00C04F79EFBC}") = "NetworkingTest", "NetworkingTest\NetworkingTest.csproj", "{D5E232DC-8555-44C0-9784-AF24AD0ECCBA}"
EndProject
Global
	GlobalSection(SolutionConfigurationPlatforms) = preSolution
		Debug|Any CPU = Debug|Any CPU
		Release|Any CPU = Release|Any CPU
	EndGlobalSection
	GlobalSection(ProjectConfigurationPlatforms) = postSolution
		{D27D43E7-BE4A-4F3B-A9A1-494BEDF6C45A}.Debug|Any CPU.ActiveCfg = Debug|Any CPU
		{D27D43E7-BE4A-4F3B-A9A1-494BEDF6C45A}.Debug|Any CPU.Build.0 = Debug|Any CPU
		{D27D43E7-BE4A-4F3B-A9A1-494BEDF6C45A}.Debug|Any CPU.Deploy.0 = Debug|Any CPU
		{D27D43E7-BE4A-4F3B-A9A1-494BEDF6C45A}.Release|Any CPU.ActiveCfg = Release|Any CPU
		{D27D43E7-BE4A-4F3B-A9A1-494BEDF6C45A}.Release|Any CPU.Build.0 = Release|Any CPU
		{D27D43E7-BE4A-4F3B-A9A1-494BEDF6C45A}.Release|Any CPU.Deploy.0 = Release|Any CPU
		{05548C0D-4382-42E3-A0E4-8500DCEBF8C6}.Debug|Any CPU.ActiveCfg = Debug|Any CPU
		{05548C0D-4382-42E3-A0E4-8500DCEBF8C6}.Debug|Any CPU.Build.0 = Debug|Any CPU
		{05548C0D-4382-42E3-A0E4-8500DCEBF8C6}.Debug|Any CPU.Deploy.0 = Debug|Any CPU
		{05548C0D-4382-42E3-A0E4-8500DCEBF8C6}.Release|Any CPU.ActiveCfg = Release|Any CPU
		{05548C0D-4382-42E3-A0E4-8500DCEBF8C6}.Release|Any CPU.Build.0 = Release|Any CPU
		{05548C0D-4382-42E3-A0E4-8500DCEBF8C6}.Release|Any CPU.Deploy.0 = Release|Any CPU
		{A3C0EB91-8CF3-4FCC-875A-2C1C8505AC7D}.Debug|Any CPU.ActiveCfg = Debug|Any CPU
		{A3C0EB91-8CF3-4FCC-875A-2C1C8505AC7D}.Debug|Any CPU.Build.0 = Debug|Any CPU
		{A3C0EB91-8CF3-4FCC-875A-2C1C8505AC7D}.Release|Any CPU.ActiveCfg = Release|Any CPU
		{A3C0EB91-8CF3-4FCC-875A-2C1C8505AC7D}.Release|Any CPU.Build.0 = Release|Any CPU
		{EC35106E-264A-4FCA-9500-C76962E01A50}.Debug|Any CPU.ActiveCfg = Debug|Any CPU
		{EC35106E-264A-4FCA-9500-C76962E01A50}.Debug|Any CPU.Build.0 = Debug|Any CPU
		{EC35106E-264A-4FCA-9500-C76962E01A50}.Release|Any CPU.ActiveCfg = Release|Any CPU
		{EC35106E-264A-4FCA-9500-C76962E01A50}.Release|Any CPU.Build.0 = Release|Any CPU
		{D5E232DC-8555-44C0-9784-AF24AD0ECCBA}.Debug|Any CPU.ActiveCfg = Debug|Any CPU
		{D5E232DC-8555-44C0-9784-AF24AD0ECCBA}.Debug|Any CPU.Build.0 = Debug|Any CPU
		{D5E232DC-8555-44C0-9784-AF24AD0ECCBA}.Release|Any CPU.ActiveCfg = Release|Any CPU
		{D5E232DC-8555-44C0-9784-AF24AD0ECCBA}.Release|Any CPU.Build.0 = Release|Any CPU
	EndGlobalSection
	GlobalSection(SolutionProperties) = preSolution
		HideSolutionNode = FALSE
	EndGlobalSection
	GlobalSection(ExtensibilityGlobals) = postSolution
		SolutionGuid = {B279A0C0-06E4-43A2-A1B6-728CDBB73B57}
	EndGlobalSection
EndGlobal
